{
 "m1/ex-2.9.1": "ca598dee0a62e929392864aa7392085273ac01b3",
 "m1/ex-2.9.2": "ca598dee0a62e929392864aa7392085273ac01b3",
 "m1/ex-2.9.3": "ca598dee0a62e929392864aa7392085273ac01b3",
 "m1/ex-2.9.4": "ca598dee0a62e929392864aa7392085273ac01b3",
 "m2/d2.1": "ca598dee0a62e929392864aa7392085273ac01b3",
 "m2/ex-2.1.1": "2e2a2d8d56cbb9556e1248f1803abfc10fabd928",
 "m2/ex-2.1.10": "15133b0be286b76cfc294e6f6e26b05c95ca9ddf",
 "m2/ex-2.1.11": "4f50880ceae82a8666219c9816edf3024e04e9c6",
 "m2/ex-2.1.12": "ca598dee0a62e929392864aa7392085273ac01b3",
 "m2/ex-2.1.2": "9c223d5631eec8b9c8edfbd252398d204cdfed91",
 "m2/ex-2.1.3": "6f35ccf1844c04a56436d0b8934cc3637ff6346a",
 "m2/ex-2.1.4": "bea58275a68bf5500f3d8280ec6a220516f13e3b",
 "m2/ex-2.1.5": "51013d00c8c0cd1ab73b7c9fcdf58377acfe7dfd",
 "m2/ex-2.1.6": "6dc19b4311f7fd805a863f677408af3804c4a5cf",
 "m2/ex-2.1.7": "21cd9d1b72ac6eb7578bb82eaa02e87b0df8f5ce",
 "m2/ex-2.1.8": "121419127a701ef1bb6707298413f8fd104ad9db",
 "m2/ex-2.1.9": "4a7d0dc0fa2b665444197e20a8fba54028fdb8d3",
 "m2/ex-2.2.1": "de127317a4e6b88fcb7d0f1b3d36038ec3dd6735",
 "m2/ex-2.2.2": "f5b37230fe0d2351bbef6b2c1933a4296b955d88",
 "m2/ex-2.2.3": "64ceaa24423a9617682c8143702dba7cf1152c3d",
 "m2/ex-2.2.4": "f7e7adca256b7370200356356157d903b86388e7",
 "m2/ex-2.2.5": "9e2884462b936fb7a9d7b3db5beeadf45e2c566b",
 "m2/ex-2.2.6": "9aca39dcf2bc1f95b7c1610bfd41de35d44b95e4",
 "m2/ex-2.2.7": "50499aae9baf68f73d892fca94acfbc59cb02ab5",
 "m2/ex-2.2.8": "70c56a0d8c105d79f585b8a4fa13e9dace8e64bd",
 "m2/ex-2.2.9": "b80689ba4db96d6d9d7b508e9c6bb2c83f0814f6",
 "ngpt-scaling": "5910e0ab58a870d5600ca9193022e79909870235"
}
