{
 "m1/ex-2.9.1": "eb7392831afdd425cf076b8d0fa386788a2012fd",
 "m1/ex-2.9.2": "e20abf69097544fca1231fa12bcb5033981514b6",
 "m1/ex-2.9.3": "754a74c3a68aa8fbd72399d82af286ec0ca38a7f",
 "m1/ex-2.9.4": "a73375a5595f26d45e471ec50a48e7215666a4b1",
 "m2/d2.1": "972354a4e3075135c9262f51ea16eeb05d237c3c",
 "m2/ex-2.1.1": "5bf956d45bd359e7c9c26b993e0a597fc3692ae4",
 "m2/ex-2.1.10": "f144d8e1ae2fadd154873c8af36ed239bab654be",
 "m2/ex-2.1.11": "44656da20a4cd7b58e365f9f10c1d27594d5913f",
 "m2/ex-2.1.12": "c96e75a53843a571d01be407948a78c9d5d18502",
 "m2/ex-2.1.2": "8f3ebe3e26f5446842c40c17543c22b66b081a0d",
 "m2/ex-2.1.3": "296fb0bc7cb6819ea0d5d227b7ca4e6b24024806",
 "m2/ex-2.1.4": "bfe9bff356fed6a002703b14579e1314b5081de2",
 "m2/ex-2.1.5": "07189246c387333823b50deb0dc5501a5a417f7a",
 "m2/ex-2.1.6": "abdac0e05358732c9c987534854bef9549485e96",
 "m2/ex-2.1.7": "2fed01a50d1172652186c1552a54fa8a098e7dd5",
 "m2/ex-2.1.8": "9e9459f039ffa6c811d4ff6fb985cf9d359714f9",
 "m2/ex-2.1.9": "5d4fc0b3f23c951ab123b6761ad44989d75af6f4",
 "m2/ex-2.2.1": "5ebe3f423ad38c651e8db6393476b07e65919f57",
 "ngpt-scaling": "a78d75c5d7a067cfb666b42241e909d87256b32f"
}
