{
 "m1/ex-2.9.1": "feff2d1abc161327b876353f330e5a565592a9db",
 "m1/ex-2.9.2": "975fe153423a0061cc6afecc5fce88e5ce3a9ebf",
 "m1/ex-2.9.3": "bf38e220e2d0a1a7c7600c264e6ef73085241797",
 "m1/ex-2.9.4": "4093a6b1718329b845ddffedde142ea7bda7f066",
 "m2/d2.1": "0758b8a359417d3851240495a7b53ac52fbc1638",
 "m2/ex-2.1.1": "e9df87ab25cec44f0ffd3f4eacb5eecabc7b41ac",
 "m2/ex-2.1.10": "046e934ccd781ac9f564f215f98559f52a2d275d",
 "m2/ex-2.1.11": "1a8874201a6877bd7f0377d360202186caf8ab69",
 "m2/ex-2.1.12": "6ce828cf9d959a06accfd58fb47a795597f94af9",
 "m2/ex-2.1.2": "b9b5479216b8b8e8a10cf22ce5379150d97f5cea",
 "m2/ex-2.1.3": "80c4998974cd5223531b76ec9c0b99eac36c6a26",
 "m2/ex-2.1.4": "a932a763623833e126c40b4931ec79e851e52329",
 "m2/ex-2.1.5": "af7371fd7c81fc27f40cd12ce6576c6fb0287185",
 "m2/ex-2.1.6": "ec034323ae60628a1e850a95379fd6f7c9c13df4",
 "m2/ex-2.1.7": "f64785592ceb379e35d41c7b1e8d1024cef6b1eb",
 "m2/ex-2.1.8": "09916d1e769a5786f7311a2e227fd8ec863b9caa",
 "m2/ex-2.1.9": "e8b01c8d8d531390d24c82fe0bbc6f88713141dd",
 "m2/ex-2.2.1": "49dafabc08991cf6ad3da2b426dacff4957f69d2",
 "m2/ex-2.2.10": "d42226cfb179805d77c7d29e90fd4619c0508f07",
 "m2/ex-2.2.11": "f411e942173837b8d61bc14a9938529d07168003",
 "m2/ex-2.2.2": "ee643a3575c20c071263b991a993974fe76d8119",
 "m2/ex-2.2.3": "b77e7ec262cf58c76588c449cd3ae91539fc93b6",
 "m2/ex-2.2.4": "244c175d49c1fa5df69117af1371fcea7c2b58ab",
 "m2/ex-2.2.5": "d5d2c4be22031b0016281835fdaeabb876ad8533",
 "m2/ex-2.2.6": "2e818b2e533606cb877e1183169f18e7428b585d",
 "m2/ex-2.2.7": "c2659f2f202ef68c4503f14fd68900c5164c6898",
 "m2/ex-2.2.8": "89ceb28e1f7eee037207340365608c2d15e82dab",
 "m2/ex-2.2.9": "f0b4686280fd6b4cf010c5651f7f5da4d84ff474",
 "ngpt-scaling": "4d7f54a563bf58c3eca970bc4ad98953b95f9cdd"
}
